
Microsoft Visual Studio Solution File, Format Version 12.00
# Visual Studio Version 17
VisualStudioVersion = 17.7.34221.43
MinimumVisualStudioVersion = 10.0.40219.1
Project("{FAE04EC0-301F-11D3-BF4B-00C04F79EFBC}") = "sportakipuygulamasi", "sportakipuygulamasi\sportakipuygulamasi.csproj", "{119474BF-9BF8-4493-A495-89CF12539C9A}"
EndProject
Global
	GlobalSection(SolutionConfigurationPlatforms) = preSolution
		Debug|Any CPU = Debug|Any CPU
		Release|Any CPU = Release|Any CPU
	EndGlobalSection
	GlobalSection(ProjectConfigurationPlatforms) = postSolution
		{119474BF-9BF8-4493-A495-89CF12539C9A}.Debug|Any CPU.ActiveCfg = Debug|Any CPU
		{119474BF-9BF8-4493-A495-89CF12539C9A}.Debug|Any CPU.Build.0 = Debug|Any CPU
		{119474BF-9BF8-4493-A495-89CF12539C9A}.Release|Any CPU.ActiveCfg = Release|Any CPU
		{119474BF-9BF8-4493-A495-89CF12539C9A}.Release|Any CPU.Build.0 = Release|Any CPU
	EndGlobalSection
	GlobalSection(SolutionProperties) = preSolution
		HideSolutionNode = FALSE
	EndGlobalSection
	GlobalSection(ExtensibilityGlobals) = postSolution
		SolutionGuid = {3E2D7546-3362-4026-9400-A3B37BE0D24F}
	EndGlobalSection
EndGlobal
